// !$*UTF8*$!
{
	archiveVersion = 1;
	classes = {
	};
	objectVersion = 46;
	objects = {

/* Begin PBXBuildFile section */
		1E82802F23465AB4006CBE4E /* HistoryViewController.swift in Sources */ = {isa = PBXBuildFile; fileRef = 1E82802E23465AB4006CBE4E /* HistoryViewController.swift */; };
		1E82803323465AF9006CBE4E /* VaccineHistoryTableViewCell.swift in Sources */ = {isa = PBXBuildFile; fileRef = 1E82803023465AF9006CBE4E /* VaccineHistoryTableViewCell.swift */; };
		1E82803423465AF9006CBE4E /* AllVaccinations.swift in Sources */ = {isa = PBXBuildFile; fileRef = 1E82803123465AF9006CBE4E /* AllVaccinations.swift */; };
		1E82803523465AF9006CBE4E /* VaccineHistoryTableViewController.swift in Sources */ = {isa = PBXBuildFile; fileRef = 1E82803223465AF9006CBE4E /* VaccineHistoryTableViewController.swift */; };
		1E8280372348AB71006CBE4E /* ArrayExtension.swift in Sources */ = {isa = PBXBuildFile; fileRef = 1E8280362348AB71006CBE4E /* ArrayExtension.swift */; };
		2005362824F593F800165D69 /* ProtectionViewController.swift in Sources */ = {isa = PBXBuildFile; fileRef = 2005362724F593F800165D69 /* ProtectionViewController.swift */; };
		20102CFC23E4DA4A00066A7F /* Continent.swift in Sources */ = {isa = PBXBuildFile; fileRef = 20102CFB23E4DA4A00066A7F /* Continent.swift */; };
		20102CFE23E615E200066A7F /* FloatingActionButton.swift in Sources */ = {isa = PBXBuildFile; fileRef = 20102CFD23E615E200066A7F /* FloatingActionButton.swift */; };
		20102D0023E61CF300066A7F /* TestVaccineTableViewController.swift in Sources */ = {isa = PBXBuildFile; fileRef = 20102CFF23E61CF300066A7F /* TestVaccineTableViewController.swift */; };
		20102D0223E61D0A00066A7F /* ExtensionTestTableViewController.swift in Sources */ = {isa = PBXBuildFile; fileRef = 20102D0123E61D0A00066A7F /* ExtensionTestTableViewController.swift */; };
		2036425023699EDD00DC9F0B /* TravellingTableViewController.swift in Sources */ = {isa = PBXBuildFile; fileRef = 2036424F23699EDD00DC9F0B /* TravellingTableViewController.swift */; };
		203642522369EFD100DC9F0B /* Country.swift in Sources */ = {isa = PBXBuildFile; fileRef = 203642512369EFD000DC9F0B /* Country.swift */; };
		203642542369F33200DC9F0B /* CountryTableViewCell.swift in Sources */ = {isa = PBXBuildFile; fileRef = 203642532369F33200DC9F0B /* CountryTableViewCell.swift */; };
		2038ABDF23FB026C00402CF2 /* ProtectionTableView.swift in Sources */ = {isa = PBXBuildFile; fileRef = 2038ABDE23FB026C00402CF2 /* ProtectionTableView.swift */; };
		2038ABE123FB27E800402CF2 /* ProtectionTableViewCell.swift in Sources */ = {isa = PBXBuildFile; fileRef = 2038ABE023FB27E800402CF2 /* ProtectionTableViewCell.swift */; };
		203D9FD923CA3BFA00C969D8 /* FamilyMemberRegistrationViewController.swift in Sources */ = {isa = PBXBuildFile; fileRef = 203D9FD823CA3BFA00C969D8 /* FamilyMemberRegistrationViewController.swift */; };
		2040CF1F245F4EE6009307A3 /* LoadingScreenViewController.swift in Sources */ = {isa = PBXBuildFile; fileRef = 2040CF1E245F4EE6009307A3 /* LoadingScreenViewController.swift */; };
		2040CF21246C7BDB009307A3 /* ProtectionTableTableViewController.swift in Sources */ = {isa = PBXBuildFile; fileRef = 2040CF20246C7BDA009307A3 /* ProtectionTableTableViewController.swift */; };
		2040CF23246C7CD3009307A3 /* ProtectionVaccine.swift in Sources */ = {isa = PBXBuildFile; fileRef = 2040CF22246C7CD3009307A3 /* ProtectionVaccine.swift */; };
		204D5D112400508F001FF0E7 /* VaccinationProgramViewController.swift in Sources */ = {isa = PBXBuildFile; fileRef = 204D5D102400508F001FF0E7 /* VaccinationProgramViewController.swift */; };
		2055ACB92410566F00C4A3A4 /* SettingsViewController.swift in Sources */ = {isa = PBXBuildFile; fileRef = 2055ACB82410566F00C4A3A4 /* SettingsViewController.swift */; };
		2055ACBB2410569C00C4A3A4 /* SettingsTableViewCell.swift in Sources */ = {isa = PBXBuildFile; fileRef = 2055ACBA2410569C00C4A3A4 /* SettingsTableViewCell.swift */; };
		2055ACBD2416A73700C4A3A4 /* SettingsPersonalInformationTableViewCell.swift in Sources */ = {isa = PBXBuildFile; fileRef = 2055ACBC2416A73700C4A3A4 /* SettingsPersonalInformationTableViewCell.swift */; };
		2055ACBF2416CF4400C4A3A4 /* SettingsHeaderTableViewCell.swift in Sources */ = {isa = PBXBuildFile; fileRef = 2055ACBE2416CF4400C4A3A4 /* SettingsHeaderTableViewCell.swift */; };
		2055ACC12416E02C00C4A3A4 /* ChangePersonalInformationViewController.swift in Sources */ = {isa = PBXBuildFile; fileRef = 2055ACC02416E02C00C4A3A4 /* ChangePersonalInformationViewController.swift */; };
		20834776250A3D3A00CBEDEA /* hourglass.json in Resources */ = {isa = PBXBuildFile; fileRef = 20834775250A3D3A00CBEDEA /* hourglass.json */; };
		20834778250A3EED00CBEDEA /* hourglassBad4.json in Resources */ = {isa = PBXBuildFile; fileRef = 20834777250A3EED00CBEDEA /* hourglassBad4.json */; };
		20881F172422747C0026549D /* LaunchScreenViewController.swift in Sources */ = {isa = PBXBuildFile; fileRef = 20881F162422747C0026549D /* LaunchScreenViewController.swift */; };
		20881F192422798D0026549D /* DoseView.swift in Sources */ = {isa = PBXBuildFile; fileRef = 20881F182422798D0026549D /* DoseView.swift */; };
		20881F1B242BED320026549D /* main.js in Resources */ = {isa = PBXBuildFile; fileRef = 20881F1A242BED310026549D /* main.js */; };
		20969510249AB5CB00FDF83A /* VaccineInformationViewController.swift in Sources */ = {isa = PBXBuildFile; fileRef = 2096950F249AB5CB00FDF83A /* VaccineInformationViewController.swift */; };
		209AA91324B9051600E469B5 /* BarChart.swift in Sources */ = {isa = PBXBuildFile; fileRef = 209AA91224B9051500E469B5 /* BarChart.swift */; };
		209AA91524B9F64200E469B5 /* BarChartView.swift in Sources */ = {isa = PBXBuildFile; fileRef = 209AA91424B9F64200E469B5 /* BarChartView.swift */; };
		209AA91724BA019800E469B5 /* BarChartStackView.swift in Sources */ = {isa = PBXBuildFile; fileRef = 209AA91624BA019800E469B5 /* BarChartStackView.swift */; };
		209AA91924BB022700E469B5 /* BarChartStackViewTestViewController.swift in Sources */ = {isa = PBXBuildFile; fileRef = 209AA91824BB022700E469B5 /* BarChartStackViewTestViewController.swift */; };
		209EA4A723DE45BD0077F6AA /* Image.swift in Sources */ = {isa = PBXBuildFile; fileRef = 209EA4A623DE45BD0077F6AA /* Image.swift */; };
		209EA4A923DF54CD0077F6AA /* StatisticsWheel.swift in Sources */ = {isa = PBXBuildFile; fileRef = 209EA4A823DF54CD0077F6AA /* StatisticsWheel.swift */; };
		209EA4AB23DF77980077F6AA /* CircularLoaderView.swift in Sources */ = {isa = PBXBuildFile; fileRef = 209EA4AA23DF77980077F6AA /* CircularLoaderView.swift */; };
		20C86DD92419594A00BEDD94 /* CustomAlertView.xib in Resources */ = {isa = PBXBuildFile; fileRef = 20C86DD82419594A00BEDD94 /* CustomAlertView.xib */; };
		20C86DDB24195E6C00BEDD94 /* AlertView.swift in Sources */ = {isa = PBXBuildFile; fileRef = 20C86DDA24195E6C00BEDD94 /* AlertView.swift */; };
		20C86DDD241AC03D00BEDD94 /* AlertStoryBoard.storyboard in Resources */ = {isa = PBXBuildFile; fileRef = 20C86DDC241AC03D00BEDD94 /* AlertStoryBoard.storyboard */; };
		20C86DDF241AC06400BEDD94 /* AlertViewController.swift in Sources */ = {isa = PBXBuildFile; fileRef = 20C86DDE241AC06400BEDD94 /* AlertViewController.swift */; };
		20C86DE1241AC3A700BEDD94 /* AlertService.swift in Sources */ = {isa = PBXBuildFile; fileRef = 20C86DE0241AC3A700BEDD94 /* AlertService.swift */; };
		20C86DE3241ED8CB00BEDD94 /* SectionHeaderTableViewCell.swift in Sources */ = {isa = PBXBuildFile; fileRef = 20C86DE2241ED8CB00BEDD94 /* SectionHeaderTableViewCell.swift */; };
		20C86DE72420D5B400BEDD94 /* UIViewExtension.swift in Sources */ = {isa = PBXBuildFile; fileRef = 20C86DE62420D5B400BEDD94 /* UIViewExtension.swift */; };
		20C980552362311000CAEE87 /* VaccineLogInViewController.swift in Sources */ = {isa = PBXBuildFile; fileRef = 20C980542362311000CAEE87 /* VaccineLogInViewController.swift */; };
		20C980622364946400CAEE87 /* SignInViewController.swift in Sources */ = {isa = PBXBuildFile; fileRef = 20C980612364946400CAEE87 /* SignInViewController.swift */; };
		20CA422824995AF9005E2C24 /* ResetPasswordViewController.swift in Sources */ = {isa = PBXBuildFile; fileRef = 20CA422724995AF9005E2C24 /* ResetPasswordViewController.swift */; };
		20CA6946236B6BA100B141EA /* StoragePropertyList.plist in Resources */ = {isa = PBXBuildFile; fileRef = 20CA6945236B6BA100B141EA /* StoragePropertyList.plist */; };
		20CA6948236B70EF00B141EA /* ExtensionVaccination.swift in Sources */ = {isa = PBXBuildFile; fileRef = 20CA6947236B70EF00B141EA /* ExtensionVaccination.swift */; };
		20CC169F250EC6D70071B5C8 /* DataHandlingInformationTableViewCell.swift in Sources */ = {isa = PBXBuildFile; fileRef = 20CC169E250EC6D70071B5C8 /* DataHandlingInformationTableViewCell.swift */; };
		20CC16A1251603740071B5C8 /* OnBoardingViewController.swift in Sources */ = {isa = PBXBuildFile; fileRef = 20CC16A0251603740071B5C8 /* OnBoardingViewController.swift */; };
		20D4484323DB5FAC00E71AC6 /* CountryViewController.swift in Sources */ = {isa = PBXBuildFile; fileRef = 20D4484223DB5FAC00E71AC6 /* CountryViewController.swift */; };
		20DF4CF424E560B6001BFD16 /* CompanyInformationViewController.swift in Sources */ = {isa = PBXBuildFile; fileRef = 20DF4CF324E560B6001BFD16 /* CompanyInformationViewController.swift */; };
		20DF4CF624E81969001BFD16 /* OnBoarding.storyboard in Resources */ = {isa = PBXBuildFile; fileRef = 20DF4CF524E81969001BFD16 /* OnBoarding.storyboard */; };
		20E0B6C925252F36004C61F0 /* TestInformationViewController.swift in Sources */ = {isa = PBXBuildFile; fileRef = 20E0B6C825252F35004C61F0 /* TestInformationViewController.swift */; };
		20E0B6CD25253255004C61F0 /* TestInformationCollectionViewCell.swift in Sources */ = {isa = PBXBuildFile; fileRef = 20E0B6CC25253255004C61F0 /* TestInformationCollectionViewCell.swift */; };
		20E6626023CA2680003DA48D /* FamilyTableViewController.swift in Sources */ = {isa = PBXBuildFile; fileRef = 20E6625F23CA2680003DA48D /* FamilyTableViewController.swift */; };
		20E6626223CA26C8003DA48D /* FamilyMemberTableViewCell.swift in Sources */ = {isa = PBXBuildFile; fileRef = 20E6626123CA26C8003DA48D /* FamilyMemberTableViewCell.swift */; };
		20ECF1E92516066400C499E0 /* OnboardingView.swift in Sources */ = {isa = PBXBuildFile; fileRef = 20ECF1E82516066400C499E0 /* OnboardingView.swift */; };
		20ECF1EB251BC7C700C499E0 /* Theme.swift in Sources */ = {isa = PBXBuildFile; fileRef = 20ECF1EA251BC7C700C499E0 /* Theme.swift */; };
		20ECF1ED251BC8BA00C499E0 /* Colors.xcassets in Resources */ = {isa = PBXBuildFile; fileRef = 20ECF1EC251BC8BA00C499E0 /* Colors.xcassets */; };
		20EFF256249E7562007BB00C /* LoggedInViewController.swift in Sources */ = {isa = PBXBuildFile; fileRef = 20EFF255249E7562007BB00C /* LoggedInViewController.swift */; };
		20EFF25A249E77A6007BB00C /* Extensions.swift in Sources */ = {isa = PBXBuildFile; fileRef = 20EFF259249E77A6007BB00C /* Extensions.swift */; };
		20EFF25C249E9DDF007BB00C /* WebSiteResponse.swift in Sources */ = {isa = PBXBuildFile; fileRef = 20EFF25B249E9DDF007BB00C /* WebSiteResponse.swift */; };
		20EFF696235BB1E200032B11 /* BeginningViewController.swift in Sources */ = {isa = PBXBuildFile; fileRef = 20EFF695235BB1E200032B11 /* BeginningViewController.swift */; };
		20EFF69A235BB7E900032B11 /* RegistrationViewController.swift in Sources */ = {isa = PBXBuildFile; fileRef = 20EFF699235BB7E900032B11 /* RegistrationViewController.swift */; };
		20F16774237C872700082719 /* ComingVaccinationTableViewCell.swift in Sources */ = {isa = PBXBuildFile; fileRef = 20F16773237C872700082719 /* ComingVaccinationTableViewCell.swift */; };
		20F268F724E8512D0092F1BE /* WalkthroughContentViewController.swift in Sources */ = {isa = PBXBuildFile; fileRef = 20F268F624E8512D0092F1BE /* WalkthroughContentViewController.swift */; };
		20F268F924E855140092F1BE /* WalkthroughPageViewController.swift in Sources */ = {isa = PBXBuildFile; fileRef = 20F268F824E855140092F1BE /* WalkthroughPageViewController.swift */; };
		20F268FB24E85C800092F1BE /* WalkthroughViewController.swift in Sources */ = {isa = PBXBuildFile; fileRef = 20F268FA24E85C800092F1BE /* WalkthroughViewController.swift */; };
		20F268FD24EAC59F0092F1BE /* 890-loading-animation.json in Resources */ = {isa = PBXBuildFile; fileRef = 20F268FC24EAC59E0092F1BE /* 890-loading-animation.json */; };
		6F384F40232CE23A00CDCA53 /* Vaccination.swift in Sources */ = {isa = PBXBuildFile; fileRef = 6F384F3F232CE23A00CDCA53 /* Vaccination.swift */; };
		6F384F42232CE55400CDCA53 /* VaccineTableViewCell.swift in Sources */ = {isa = PBXBuildFile; fileRef = 6F384F41232CE55400CDCA53 /* VaccineTableViewCell.swift */; };
		6F384F44232D1A7200CDCA53 /* VaccineTableViewController.swift in Sources */ = {isa = PBXBuildFile; fileRef = 6F384F43232D1A7200CDCA53 /* VaccineTableViewController.swift */; };
		6F384F4A2337651600CDCA53 /* Vaccine.swift in Sources */ = {isa = PBXBuildFile; fileRef = 6F384F492337651600CDCA53 /* Vaccine.swift */; };
		6F384F4C2337730300CDCA53 /* Protection.swift in Sources */ = {isa = PBXBuildFile; fileRef = 6F384F4B2337730300CDCA53 /* Protection.swift */; };
		6F384F4E2337BABF00CDCA53 /* VaccinationTimeLeft.swift in Sources */ = {isa = PBXBuildFile; fileRef = 6F384F4D2337BABF00CDCA53 /* VaccinationTimeLeft.swift */; };
		6F384F50233BF99500CDCA53 /* HistoryTableViewController.swift in Sources */ = {isa = PBXBuildFile; fileRef = 6F384F4F233BF99500CDCA53 /* HistoryTableViewController.swift */; };
		6F384F52233D1F9800CDCA53 /* HistoryTableViewCell.swift in Sources */ = {isa = PBXBuildFile; fileRef = 6F384F51233D1F9800CDCA53 /* HistoryTableViewCell.swift */; };
		6F384F54233D3B7000CDCA53 /* VaccinationTabBarController.swift in Sources */ = {isa = PBXBuildFile; fileRef = 6F384F53233D3B7000CDCA53 /* VaccinationTabBarController.swift */; };
		6F5FD6842329912F00D45E20 /* AppDelegate.swift in Sources */ = {isa = PBXBuildFile; fileRef = 6F5FD6832329912F00D45E20 /* AppDelegate.swift */; };
		6F5FD6862329912F00D45E20 /* FirstViewController.swift in Sources */ = {isa = PBXBuildFile; fileRef = 6F5FD6852329912F00D45E20 /* FirstViewController.swift */; };
		6F5FD6882329912F00D45E20 /* SecondViewController.swift in Sources */ = {isa = PBXBuildFile; fileRef = 6F5FD6872329912F00D45E20 /* SecondViewController.swift */; };
		6F5FD68B2329912F00D45E20 /* Main.storyboard in Resources */ = {isa = PBXBuildFile; fileRef = 6F5FD6892329912F00D45E20 /* Main.storyboard */; };
		6F5FD68D2329912F00D45E20 /* Assets.xcassets in Resources */ = {isa = PBXBuildFile; fileRef = 6F5FD68C2329912F00D45E20 /* Assets.xcassets */; };
		6F5FD6902329912F00D45E20 /* LaunchScreen.storyboard in Resources */ = {isa = PBXBuildFile; fileRef = 6F5FD68E2329912F00D45E20 /* LaunchScreen.storyboard */; };
		6F5FD69B2329912F00D45E20 /* VaccessTests.swift in Sources */ = {isa = PBXBuildFile; fileRef = 6F5FD69A2329912F00D45E20 /* VaccessTests.swift */; };
		6F5FD6A6232996D100D45E20 /* VaccineViewController.swift in Sources */ = {isa = PBXBuildFile; fileRef = 6F5FD6A5232996D100D45E20 /* VaccineViewController.swift */; };
		BDEFEA03EEFFD4E080E05EC7 /* Pods_VaccessTests.framework in Frameworks */ = {isa = PBXBuildFile; fileRef = 9E8C486A72EC9F65B1C78C70 /* Pods_VaccessTests.framework */; };
		E893275165395741DE7A5310 /* Pods_Vaccess.framework in Frameworks */ = {isa = PBXBuildFile; fileRef = 43047BB6E7DD550EEA71EE64 /* Pods_Vaccess.framework */; };
/* End PBXBuildFile section */

/* Begin PBXContainerItemProxy section */
		6F5FD6972329912F00D45E20 /* PBXContainerItemProxy */ = {
			isa = PBXContainerItemProxy;
			containerPortal = 6F5FD6782329912F00D45E20 /* Project object */;
			proxyType = 1;
			remoteGlobalIDString = 6F5FD67F2329912F00D45E20;
			remoteInfo = Vaccess;
		};
/* End PBXContainerItemProxy section */

/* Begin PBXFileReference section */
		1E82802E23465AB4006CBE4E /* HistoryViewController.swift */ = {isa = PBXFileReference; fileEncoding = 4; lastKnownFileType = sourcecode.swift; path = HistoryViewController.swift; sourceTree = "<group>"; };
		1E82803023465AF9006CBE4E /* VaccineHistoryTableViewCell.swift */ = {isa = PBXFileReference; fileEncoding = 4; lastKnownFileType = sourcecode.swift; path = VaccineHistoryTableViewCell.swift; sourceTree = "<group>"; };
		1E82803123465AF9006CBE4E /* AllVaccinations.swift */ = {isa = PBXFileReference; fileEncoding = 4; lastKnownFileType = sourcecode.swift; path = AllVaccinations.swift; sourceTree = "<group>"; };
		1E82803223465AF9006CBE4E /* VaccineHistoryTableViewController.swift */ = {isa = PBXFileReference; fileEncoding = 4; lastKnownFileType = sourcecode.swift; path = VaccineHistoryTableViewController.swift; sourceTree = "<group>"; };
		1E8280362348AB71006CBE4E /* ArrayExtension.swift */ = {isa = PBXFileReference; lastKnownFileType = sourcecode.swift; path = ArrayExtension.swift; sourceTree = "<group>"; };
		2005362724F593F800165D69 /* ProtectionViewController.swift */ = {isa = PBXFileReference; lastKnownFileType = sourcecode.swift; path = ProtectionViewController.swift; sourceTree = "<group>"; };
		20102CFB23E4DA4A00066A7F /* Continent.swift */ = {isa = PBXFileReference; lastKnownFileType = sourcecode.swift; path = Continent.swift; sourceTree = "<group>"; };
		20102CFD23E615E200066A7F /* FloatingActionButton.swift */ = {isa = PBXFileReference; lastKnownFileType = sourcecode.swift; path = FloatingActionButton.swift; sourceTree = "<group>"; };
		20102CFF23E61CF300066A7F /* TestVaccineTableViewController.swift */ = {isa = PBXFileReference; lastKnownFileType = sourcecode.swift; path = TestVaccineTableViewController.swift; sourceTree = "<group>"; };
		20102D0123E61D0A00066A7F /* ExtensionTestTableViewController.swift */ = {isa = PBXFileReference; lastKnownFileType = sourcecode.swift; path = ExtensionTestTableViewController.swift; sourceTree = "<group>"; };
		202223DD235E231900D63DF0 /* ViewController.swift */ = {isa = PBXFileReference; fileEncoding = 4; lastKnownFileType = sourcecode.swift; name = ViewController.swift; path = "../../../ios-swift-quickstart-example-swiftProjectBranch/QuickStartExampleApp/QuickStartExampleApp/ViewController.swift"; sourceTree = "<group>"; };
		2036424E2368D30600DC9F0B /* Vaccess.entitlements */ = {isa = PBXFileReference; lastKnownFileType = text.plist.entitlements; path = Vaccess.entitlements; sourceTree = "<group>"; };
		2036424F23699EDD00DC9F0B /* TravellingTableViewController.swift */ = {isa = PBXFileReference; lastKnownFileType = sourcecode.swift; path = TravellingTableViewController.swift; sourceTree = "<group>"; };
		203642512369EFD000DC9F0B /* Country.swift */ = {isa = PBXFileReference; lastKnownFileType = sourcecode.swift; path = Country.swift; sourceTree = "<group>"; };
		203642532369F33200DC9F0B /* CountryTableViewCell.swift */ = {isa = PBXFileReference; lastKnownFileType = sourcecode.swift; path = CountryTableViewCell.swift; sourceTree = "<group>"; };
		2038ABDE23FB026C00402CF2 /* ProtectionTableView.swift */ = {isa = PBXFileReference; lastKnownFileType = sourcecode.swift; path = ProtectionTableView.swift; sourceTree = "<group>"; };
		2038ABE023FB27E800402CF2 /* ProtectionTableViewCell.swift */ = {isa = PBXFileReference; lastKnownFileType = sourcecode.swift; path = ProtectionTableViewCell.swift; sourceTree = "<group>"; };
		203D9FD823CA3BFA00C969D8 /* FamilyMemberRegistrationViewController.swift */ = {isa = PBXFileReference; lastKnownFileType = sourcecode.swift; path = FamilyMemberRegistrationViewController.swift; sourceTree = "<group>"; };
		2040CF1E245F4EE6009307A3 /* LoadingScreenViewController.swift */ = {isa = PBXFileReference; lastKnownFileType = sourcecode.swift; path = LoadingScreenViewController.swift; sourceTree = "<group>"; };
		2040CF20246C7BDA009307A3 /* ProtectionTableTableViewController.swift */ = {isa = PBXFileReference; lastKnownFileType = sourcecode.swift; path = ProtectionTableTableViewController.swift; sourceTree = "<group>"; };
		2040CF22246C7CD3009307A3 /* ProtectionVaccine.swift */ = {isa = PBXFileReference; lastKnownFileType = sourcecode.swift; path = ProtectionVaccine.swift; sourceTree = "<group>"; };
		204D5D102400508F001FF0E7 /* VaccinationProgramViewController.swift */ = {isa = PBXFileReference; lastKnownFileType = sourcecode.swift; path = VaccinationProgramViewController.swift; sourceTree = "<group>"; };
		2055ACB82410566F00C4A3A4 /* SettingsViewController.swift */ = {isa = PBXFileReference; lastKnownFileType = sourcecode.swift; path = SettingsViewController.swift; sourceTree = "<group>"; };
		2055ACBA2410569C00C4A3A4 /* SettingsTableViewCell.swift */ = {isa = PBXFileReference; lastKnownFileType = sourcecode.swift; path = SettingsTableViewCell.swift; sourceTree = "<group>"; };
		2055ACBC2416A73700C4A3A4 /* SettingsPersonalInformationTableViewCell.swift */ = {isa = PBXFileReference; lastKnownFileType = sourcecode.swift; path = SettingsPersonalInformationTableViewCell.swift; sourceTree = "<group>"; };
		2055ACBE2416CF4400C4A3A4 /* SettingsHeaderTableViewCell.swift */ = {isa = PBXFileReference; lastKnownFileType = sourcecode.swift; path = SettingsHeaderTableViewCell.swift; sourceTree = "<group>"; };
		2055ACC02416E02C00C4A3A4 /* ChangePersonalInformationViewController.swift */ = {isa = PBXFileReference; lastKnownFileType = sourcecode.swift; path = ChangePersonalInformationViewController.swift; sourceTree = "<group>"; };
		20834775250A3D3A00CBEDEA /* hourglass.json */ = {isa = PBXFileReference; fileEncoding = 4; lastKnownFileType = text.json; name = hourglass.json; path = ../../../Downloads/hourglass.json; sourceTree = "<group>"; };
		20834777250A3EED00CBEDEA /* hourglassBad4.json */ = {isa = PBXFileReference; fileEncoding = 4; lastKnownFileType = text.json; name = hourglassBad4.json; path = ../../../Downloads/hourglassBad4.json; sourceTree = "<group>"; };
		20881F162422747C0026549D /* LaunchScreenViewController.swift */ = {isa = PBXFileReference; lastKnownFileType = sourcecode.swift; path = LaunchScreenViewController.swift; sourceTree = "<group>"; };
		20881F182422798D0026549D /* DoseView.swift */ = {isa = PBXFileReference; lastKnownFileType = sourcecode.swift; path = DoseView.swift; sourceTree = "<group>"; };
		20881F1A242BED310026549D /* main.js */ = {isa = PBXFileReference; lastKnownFileType = sourcecode.javascript; path = main.js; sourceTree = "<group>"; };
		2096950F249AB5CB00FDF83A /* VaccineInformationViewController.swift */ = {isa = PBXFileReference; lastKnownFileType = sourcecode.swift; path = VaccineInformationViewController.swift; sourceTree = "<group>"; };
		209AA91224B9051500E469B5 /* BarChart.swift */ = {isa = PBXFileReference; lastKnownFileType = sourcecode.swift; path = BarChart.swift; sourceTree = "<group>"; };
		209AA91424B9F64200E469B5 /* BarChartView.swift */ = {isa = PBXFileReference; lastKnownFileType = sourcecode.swift; path = BarChartView.swift; sourceTree = "<group>"; };
		209AA91624BA019800E469B5 /* BarChartStackView.swift */ = {isa = PBXFileReference; lastKnownFileType = sourcecode.swift; path = BarChartStackView.swift; sourceTree = "<group>"; };
		209AA91824BB022700E469B5 /* BarChartStackViewTestViewController.swift */ = {isa = PBXFileReference; lastKnownFileType = sourcecode.swift; path = BarChartStackViewTestViewController.swift; sourceTree = "<group>"; };
		209EA4A623DE45BD0077F6AA /* Image.swift */ = {isa = PBXFileReference; lastKnownFileType = sourcecode.swift; path = Image.swift; sourceTree = "<group>"; };
		209EA4A823DF54CD0077F6AA /* StatisticsWheel.swift */ = {isa = PBXFileReference; lastKnownFileType = sourcecode.swift; path = StatisticsWheel.swift; sourceTree = "<group>"; };
		209EA4AA23DF77980077F6AA /* CircularLoaderView.swift */ = {isa = PBXFileReference; lastKnownFileType = sourcecode.swift; path = CircularLoaderView.swift; sourceTree = "<group>"; };
		20C86DD82419594A00BEDD94 /* CustomAlertView.xib */ = {isa = PBXFileReference; lastKnownFileType = file.xib; path = CustomAlertView.xib; sourceTree = "<group>"; };
		20C86DDA24195E6C00BEDD94 /* AlertView.swift */ = {isa = PBXFileReference; lastKnownFileType = sourcecode.swift; path = AlertView.swift; sourceTree = "<group>"; };
		20C86DDC241AC03D00BEDD94 /* AlertStoryBoard.storyboard */ = {isa = PBXFileReference; lastKnownFileType = file.storyboard; path = AlertStoryBoard.storyboard; sourceTree = "<group>"; };
		20C86DDE241AC06400BEDD94 /* AlertViewController.swift */ = {isa = PBXFileReference; lastKnownFileType = sourcecode.swift; path = AlertViewController.swift; sourceTree = "<group>"; };
		20C86DE0241AC3A700BEDD94 /* AlertService.swift */ = {isa = PBXFileReference; lastKnownFileType = sourcecode.swift; path = AlertService.swift; sourceTree = "<group>"; };
		20C86DE2241ED8CB00BEDD94 /* SectionHeaderTableViewCell.swift */ = {isa = PBXFileReference; lastKnownFileType = sourcecode.swift; path = SectionHeaderTableViewCell.swift; sourceTree = "<group>"; };
		20C86DE62420D5B400BEDD94 /* UIViewExtension.swift */ = {isa = PBXFileReference; lastKnownFileType = sourcecode.swift; name = UIViewExtension.swift; path = /Users/emil/Documents/vaccess/Vaccess/UIViewExtension.swift; sourceTree = "<absolute>"; };
		20C980542362311000CAEE87 /* VaccineLogInViewController.swift */ = {isa = PBXFileReference; lastKnownFileType = sourcecode.swift; path = VaccineLogInViewController.swift; sourceTree = "<group>"; };
		20C980612364946400CAEE87 /* SignInViewController.swift */ = {isa = PBXFileReference; lastKnownFileType = sourcecode.swift; path = SignInViewController.swift; sourceTree = "<group>"; };
		20CA422724995AF9005E2C24 /* ResetPasswordViewController.swift */ = {isa = PBXFileReference; lastKnownFileType = sourcecode.swift; path = ResetPasswordViewController.swift; sourceTree = "<group>"; };
		20CA6945236B6BA100B141EA /* StoragePropertyList.plist */ = {isa = PBXFileReference; lastKnownFileType = text.plist.xml; path = StoragePropertyList.plist; sourceTree = "<group>"; };
		20CA6947236B70EF00B141EA /* ExtensionVaccination.swift */ = {isa = PBXFileReference; lastKnownFileType = sourcecode.swift; path = ExtensionVaccination.swift; sourceTree = "<group>"; };
		20CC169E250EC6D70071B5C8 /* DataHandlingInformationTableViewCell.swift */ = {isa = PBXFileReference; lastKnownFileType = sourcecode.swift; path = DataHandlingInformationTableViewCell.swift; sourceTree = "<group>"; };
		20CC16A0251603740071B5C8 /* OnBoardingViewController.swift */ = {isa = PBXFileReference; lastKnownFileType = sourcecode.swift; path = OnBoardingViewController.swift; sourceTree = "<group>"; };
		20D4484223DB5FAC00E71AC6 /* CountryViewController.swift */ = {isa = PBXFileReference; lastKnownFileType = sourcecode.swift; path = CountryViewController.swift; sourceTree = "<group>"; };
		20DF4CF324E560B6001BFD16 /* CompanyInformationViewController.swift */ = {isa = PBXFileReference; lastKnownFileType = sourcecode.swift; path = CompanyInformationViewController.swift; sourceTree = "<group>"; };
		20DF4CF524E81969001BFD16 /* OnBoarding.storyboard */ = {isa = PBXFileReference; lastKnownFileType = file.storyboard; path = OnBoarding.storyboard; sourceTree = "<group>"; };
		20E0B6C825252F35004C61F0 /* TestInformationViewController.swift */ = {isa = PBXFileReference; lastKnownFileType = sourcecode.swift; path = TestInformationViewController.swift; sourceTree = "<group>"; };
		20E0B6CC25253255004C61F0 /* TestInformationCollectionViewCell.swift */ = {isa = PBXFileReference; lastKnownFileType = sourcecode.swift; path = TestInformationCollectionViewCell.swift; sourceTree = "<group>"; };
		20E6625F23CA2680003DA48D /* FamilyTableViewController.swift */ = {isa = PBXFileReference; lastKnownFileType = sourcecode.swift; path = FamilyTableViewController.swift; sourceTree = "<group>"; };
		20E6626123CA26C8003DA48D /* FamilyMemberTableViewCell.swift */ = {isa = PBXFileReference; lastKnownFileType = sourcecode.swift; path = FamilyMemberTableViewCell.swift; sourceTree = "<group>"; };
		20ECF1E82516066400C499E0 /* OnboardingView.swift */ = {isa = PBXFileReference; lastKnownFileType = sourcecode.swift; path = OnboardingView.swift; sourceTree = "<group>"; };
		20ECF1EA251BC7C700C499E0 /* Theme.swift */ = {isa = PBXFileReference; lastKnownFileType = sourcecode.swift; path = Theme.swift; sourceTree = "<group>"; };
		20ECF1EC251BC8BA00C499E0 /* Colors.xcassets */ = {isa = PBXFileReference; lastKnownFileType = folder.assetcatalog; path = Colors.xcassets; sourceTree = "<group>"; };
		20EFF255249E7562007BB00C /* LoggedInViewController.swift */ = {isa = PBXFileReference; lastKnownFileType = sourcecode.swift; path = LoggedInViewController.swift; sourceTree = "<group>"; };
		20EFF259249E77A6007BB00C /* Extensions.swift */ = {isa = PBXFileReference; lastKnownFileType = sourcecode.swift; path = Extensions.swift; sourceTree = "<group>"; };
		20EFF25B249E9DDF007BB00C /* WebSiteResponse.swift */ = {isa = PBXFileReference; lastKnownFileType = sourcecode.swift; path = WebSiteResponse.swift; sourceTree = "<group>"; };
		20EFF695235BB1E200032B11 /* BeginningViewController.swift */ = {isa = PBXFileReference; lastKnownFileType = sourcecode.swift; path = BeginningViewController.swift; sourceTree = "<group>"; };
		20EFF699235BB7E900032B11 /* RegistrationViewController.swift */ = {isa = PBXFileReference; lastKnownFileType = sourcecode.swift; path = RegistrationViewController.swift; sourceTree = "<group>"; };
		20F16773237C872700082719 /* ComingVaccinationTableViewCell.swift */ = {isa = PBXFileReference; lastKnownFileType = sourcecode.swift; path = ComingVaccinationTableViewCell.swift; sourceTree = "<group>"; };
		20F268F624E8512D0092F1BE /* WalkthroughContentViewController.swift */ = {isa = PBXFileReference; lastKnownFileType = sourcecode.swift; path = WalkthroughContentViewController.swift; sourceTree = "<group>"; };
		20F268F824E855140092F1BE /* WalkthroughPageViewController.swift */ = {isa = PBXFileReference; lastKnownFileType = sourcecode.swift; path = WalkthroughPageViewController.swift; sourceTree = "<group>"; };
		20F268FA24E85C800092F1BE /* WalkthroughViewController.swift */ = {isa = PBXFileReference; lastKnownFileType = sourcecode.swift; path = WalkthroughViewController.swift; sourceTree = "<group>"; };
		20F268FC24EAC59E0092F1BE /* 890-loading-animation.json */ = {isa = PBXFileReference; fileEncoding = 4; lastKnownFileType = text.json; name = "890-loading-animation.json"; path = "../../../Downloads/890-loading-animation.json"; sourceTree = "<group>"; };
		43047BB6E7DD550EEA71EE64 /* Pods_Vaccess.framework */ = {isa = PBXFileReference; explicitFileType = wrapper.framework; includeInIndex = 0; path = Pods_Vaccess.framework; sourceTree = BUILT_PRODUCTS_DIR; };
		45DD5E5A20862D16A22829E7 /* Pods-VaccessTests.release.xcconfig */ = {isa = PBXFileReference; includeInIndex = 1; lastKnownFileType = text.xcconfig; name = "Pods-VaccessTests.release.xcconfig"; path = "Target Support Files/Pods-VaccessTests/Pods-VaccessTests.release.xcconfig"; sourceTree = "<group>"; };
		6F384F3F232CE23A00CDCA53 /* Vaccination.swift */ = {isa = PBXFileReference; fileEncoding = 4; lastKnownFileType = sourcecode.swift; path = Vaccination.swift; sourceTree = "<group>"; };
		6F384F41232CE55400CDCA53 /* VaccineTableViewCell.swift */ = {isa = PBXFileReference; fileEncoding = 4; lastKnownFileType = sourcecode.swift; path = VaccineTableViewCell.swift; sourceTree = "<group>"; };
		6F384F43232D1A7200CDCA53 /* VaccineTableViewController.swift */ = {isa = PBXFileReference; fileEncoding = 4; lastKnownFileType = sourcecode.swift; path = VaccineTableViewController.swift; sourceTree = "<group>"; };
		6F384F492337651600CDCA53 /* Vaccine.swift */ = {isa = PBXFileReference; fileEncoding = 4; lastKnownFileType = sourcecode.swift; path = Vaccine.swift; sourceTree = "<group>"; };
		6F384F4B2337730300CDCA53 /* Protection.swift */ = {isa = PBXFileReference; fileEncoding = 4; lastKnownFileType = sourcecode.swift; path = Protection.swift; sourceTree = "<group>"; };
		6F384F4D2337BABF00CDCA53 /* VaccinationTimeLeft.swift */ = {isa = PBXFileReference; fileEncoding = 4; lastKnownFileType = sourcecode.swift; path = VaccinationTimeLeft.swift; sourceTree = "<group>"; };
		6F384F4F233BF99500CDCA53 /* HistoryTableViewController.swift */ = {isa = PBXFileReference; fileEncoding = 4; lastKnownFileType = sourcecode.swift; path = HistoryTableViewController.swift; sourceTree = "<group>"; };
		6F384F51233D1F9800CDCA53 /* HistoryTableViewCell.swift */ = {isa = PBXFileReference; fileEncoding = 4; lastKnownFileType = sourcecode.swift; path = HistoryTableViewCell.swift; sourceTree = "<group>"; };
		6F384F53233D3B7000CDCA53 /* VaccinationTabBarController.swift */ = {isa = PBXFileReference; fileEncoding = 4; lastKnownFileType = sourcecode.swift; path = VaccinationTabBarController.swift; sourceTree = "<group>"; };
		6F5FD6802329912F00D45E20 /* Vaccess.app */ = {isa = PBXFileReference; explicitFileType = wrapper.application; includeInIndex = 0; path = Vaccess.app; sourceTree = BUILT_PRODUCTS_DIR; };
		6F5FD6832329912F00D45E20 /* AppDelegate.swift */ = {isa = PBXFileReference; lastKnownFileType = sourcecode.swift; path = AppDelegate.swift; sourceTree = "<group>"; };
		6F5FD6852329912F00D45E20 /* FirstViewController.swift */ = {isa = PBXFileReference; lastKnownFileType = sourcecode.swift; path = FirstViewController.swift; sourceTree = "<group>"; };
		6F5FD6872329912F00D45E20 /* SecondViewController.swift */ = {isa = PBXFileReference; lastKnownFileType = sourcecode.swift; path = SecondViewController.swift; sourceTree = "<group>"; };
		6F5FD68A2329912F00D45E20 /* Base */ = {isa = PBXFileReference; lastKnownFileType = file.storyboard; name = Base; path = Base.lproj/Main.storyboard; sourceTree = "<group>"; };
		6F5FD68C2329912F00D45E20 /* Assets.xcassets */ = {isa = PBXFileReference; lastKnownFileType = folder.assetcatalog; path = Assets.xcassets; sourceTree = "<group>"; };
		6F5FD68F2329912F00D45E20 /* Base */ = {isa = PBXFileReference; lastKnownFileType = file.storyboard; name = Base; path = Base.lproj/LaunchScreen.storyboard; sourceTree = "<group>"; };
		6F5FD6912329912F00D45E20 /* Info.plist */ = {isa = PBXFileReference; lastKnownFileType = text.plist.xml; path = Info.plist; sourceTree = "<group>"; };
		6F5FD6962329912F00D45E20 /* VaccessTests.xctest */ = {isa = PBXFileReference; explicitFileType = wrapper.cfbundle; includeInIndex = 0; path = VaccessTests.xctest; sourceTree = BUILT_PRODUCTS_DIR; };
		6F5FD69A2329912F00D45E20 /* VaccessTests.swift */ = {isa = PBXFileReference; lastKnownFileType = sourcecode.swift; path = VaccessTests.swift; sourceTree = "<group>"; };
		6F5FD69C2329912F00D45E20 /* Info.plist */ = {isa = PBXFileReference; lastKnownFileType = text.plist.xml; path = Info.plist; sourceTree = "<group>"; };
		6F5FD6A5232996D100D45E20 /* VaccineViewController.swift */ = {isa = PBXFileReference; fileEncoding = 4; lastKnownFileType = sourcecode.swift; path = VaccineViewController.swift; sourceTree = "<group>"; };
		8696EE2ED13A647C34A4EC7D /* Pods-Vaccess.release.xcconfig */ = {isa = PBXFileReference; includeInIndex = 1; lastKnownFileType = text.xcconfig; name = "Pods-Vaccess.release.xcconfig"; path = "Target Support Files/Pods-Vaccess/Pods-Vaccess.release.xcconfig"; sourceTree = "<group>"; };
		9E8C486A72EC9F65B1C78C70 /* Pods_VaccessTests.framework */ = {isa = PBXFileReference; explicitFileType = wrapper.framework; includeInIndex = 0; path = Pods_VaccessTests.framework; sourceTree = BUILT_PRODUCTS_DIR; };
		B902CA333225F88843B93836 /* Pods-Vaccess.debug.xcconfig */ = {isa = PBXFileReference; includeInIndex = 1; lastKnownFileType = text.xcconfig; name = "Pods-Vaccess.debug.xcconfig"; path = "Target Support Files/Pods-Vaccess/Pods-Vaccess.debug.xcconfig"; sourceTree = "<group>"; };
		BB5F19E847A1479AD695ED84 /* Pods-VaccessTests.debug.xcconfig */ = {isa = PBXFileReference; includeInIndex = 1; lastKnownFileType = text.xcconfig; name = "Pods-VaccessTests.debug.xcconfig"; path = "Target Support Files/Pods-VaccessTests/Pods-VaccessTests.debug.xcconfig"; sourceTree = "<group>"; };
/* End PBXFileReference section */

/* Begin PBXFrameworksBuildPhase section */
		6F5FD67D2329912F00D45E20 /* Frameworks */ = {
			isa = PBXFrameworksBuildPhase;
			buildActionMask = 2147483647;
			files = (
				E893275165395741DE7A5310 /* Pods_Vaccess.framework in Frameworks */,
			);
			runOnlyForDeploymentPostprocessing = 0;
		};
		6F5FD6932329912F00D45E20 /* Frameworks */ = {
			isa = PBXFrameworksBuildPhase;
			buildActionMask = 2147483647;
			files = (
				BDEFEA03EEFFD4E080E05EC7 /* Pods_VaccessTests.framework in Frameworks */,
			);
			runOnlyForDeploymentPostprocessing = 0;
		};
/* End PBXFrameworksBuildPhase section */

/* Begin PBXGroup section */
		20C980562362314A00CAEE87 /* Login */ = {
			isa = PBXGroup;
			children = (
				20C980582362316300CAEE87 /* TabBarVCs */,
			);
			path = Login;
			sourceTree = "<group>";
		};
		20C980582362316300CAEE87 /* TabBarVCs */ = {
			isa = PBXGroup;
			children = (
			);
			path = TabBarVCs;
			sourceTree = "<group>";
		};
		3977E93BB02A120AC17B330B /* Pods */ = {
			isa = PBXGroup;
			children = (
				B902CA333225F88843B93836 /* Pods-Vaccess.debug.xcconfig */,
				8696EE2ED13A647C34A4EC7D /* Pods-Vaccess.release.xcconfig */,
				BB5F19E847A1479AD695ED84 /* Pods-VaccessTests.debug.xcconfig */,
				45DD5E5A20862D16A22829E7 /* Pods-VaccessTests.release.xcconfig */,
			);
			path = Pods;
			sourceTree = "<group>";
		};
		6F5FD6772329912F00D45E20 = {
			isa = PBXGroup;
			children = (
				20C980562362314A00CAEE87 /* Login */,
				6F5FD6822329912F00D45E20 /* Vaccess */,
				6F5FD6992329912F00D45E20 /* VaccessTests */,
				6F5FD6812329912F00D45E20 /* Products */,
				3977E93BB02A120AC17B330B /* Pods */,
				AD4102FB2E246C0FFF937CCE /* Frameworks */,
			);
			sourceTree = "<group>";
		};
		6F5FD6812329912F00D45E20 /* Products */ = {
			isa = PBXGroup;
			children = (
				6F5FD6802329912F00D45E20 /* Vaccess.app */,
				6F5FD6962329912F00D45E20 /* VaccessTests.xctest */,
			);
			name = Products;
			sourceTree = "<group>";
		};
		6F5FD6822329912F00D45E20 /* Vaccess */ = {
			isa = PBXGroup;
			children = (
				20F268FC24EAC59E0092F1BE /* 890-loading-animation.json */,
				20C86DE0241AC3A700BEDD94 /* AlertService.swift */,
				20C86DDC241AC03D00BEDD94 /* AlertStoryBoard.storyboard */,
				20C86DDA24195E6C00BEDD94 /* AlertView.swift */,
				20C86DDE241AC06400BEDD94 /* AlertViewController.swift */,
				1E82803123465AF9006CBE4E /* AllVaccinations.swift */,
				6F5FD6832329912F00D45E20 /* AppDelegate.swift */,
				1E8280362348AB71006CBE4E /* ArrayExtension.swift */,
				6F5FD68C2329912F00D45E20 /* Assets.xcassets */,
				20834777250A3EED00CBEDEA /* hourglassBad4.json */,
				20834775250A3D3A00CBEDEA /* hourglass.json */,
				209AA91224B9051500E469B5 /* BarChart.swift */,
				209AA91624BA019800E469B5 /* BarChartStackView.swift */,
				209AA91824BB022700E469B5 /* BarChartStackViewTestViewController.swift */,
				209AA91424B9F64200E469B5 /* BarChartView.swift */,
				20EFF695235BB1E200032B11 /* BeginningViewController.swift */,
				2055ACC02416E02C00C4A3A4 /* ChangePersonalInformationViewController.swift */,
				209EA4AA23DF77980077F6AA /* CircularLoaderView.swift */,
				20F16773237C872700082719 /* ComingVaccinationTableViewCell.swift */,
				20DF4CF324E560B6001BFD16 /* CompanyInformationViewController.swift */,
				20102CFB23E4DA4A00066A7F /* Continent.swift */,
				203642512369EFD000DC9F0B /* Country.swift */,
				203642532369F33200DC9F0B /* CountryTableViewCell.swift */,
				20D4484223DB5FAC00E71AC6 /* CountryViewController.swift */,
				20C86DD82419594A00BEDD94 /* CustomAlertView.xib */,
				20CC169E250EC6D70071B5C8 /* DataHandlingInformationTableViewCell.swift */,
				20881F182422798D0026549D /* DoseView.swift */,
				20EFF259249E77A6007BB00C /* Extensions.swift */,
				20102D0123E61D0A00066A7F /* ExtensionTestTableViewController.swift */,
				20CA6947236B70EF00B141EA /* ExtensionVaccination.swift */,
				6F5FD6912329912F00D45E20 /* Info.plist */,
				203D9FD823CA3BFA00C969D8 /* FamilyMemberRegistrationViewController.swift */,
				20E6626123CA26C8003DA48D /* FamilyMemberTableViewCell.swift */,
				20E6625F23CA2680003DA48D /* FamilyTableViewController.swift */,
				6F5FD6852329912F00D45E20 /* FirstViewController.swift */,
				20102CFD23E615E200066A7F /* FloatingActionButton.swift */,
				6F384F51233D1F9800CDCA53 /* HistoryTableViewCell.swift */,
				6F384F4F233BF99500CDCA53 /* HistoryTableViewController.swift */,
				1E82802E23465AB4006CBE4E /* HistoryViewController.swift */,
				209EA4A623DE45BD0077F6AA /* Image.swift */,
				6F5FD68E2329912F00D45E20 /* LaunchScreen.storyboard */,
				20881F162422747C0026549D /* LaunchScreenViewController.swift */,
				2040CF1E245F4EE6009307A3 /* LoadingScreenViewController.swift */,
				20EFF255249E7562007BB00C /* LoggedInViewController.swift */,
				20881F1A242BED310026549D /* main.js */,
				6F5FD6892329912F00D45E20 /* Main.storyboard */,
				20DF4CF524E81969001BFD16 /* OnBoarding.storyboard */,
				20ECF1E82516066400C499E0 /* OnboardingView.swift */,
				20CC16A0251603740071B5C8 /* OnBoardingViewController.swift */,
				6F384F4B2337730300CDCA53 /* Protection.swift */,
				20E0B6C825252F35004C61F0 /* TestInformationViewController.swift */,
				20E0B6CC25253255004C61F0 /* TestInformationCollectionViewCell.swift */,
				2040CF20246C7BDA009307A3 /* ProtectionTableTableViewController.swift */,
				2038ABDE23FB026C00402CF2 /* ProtectionTableView.swift */,
				2038ABE023FB27E800402CF2 /* ProtectionTableViewCell.swift */,
				2040CF22246C7CD3009307A3 /* ProtectionVaccine.swift */,
				2005362724F593F800165D69 /* ProtectionViewController.swift */,
				20EFF699235BB7E900032B11 /* RegistrationViewController.swift */,
				20CA422724995AF9005E2C24 /* ResetPasswordViewController.swift */,
				6F5FD6872329912F00D45E20 /* SecondViewController.swift */,
				20C86DE2241ED8CB00BEDD94 /* SectionHeaderTableViewCell.swift */,
				2055ACBE2416CF4400C4A3A4 /* SettingsHeaderTableViewCell.swift */,
				2055ACBC2416A73700C4A3A4 /* SettingsPersonalInformationTableViewCell.swift */,
				2055ACBA2410569C00C4A3A4 /* SettingsTableViewCell.swift */,
				2055ACB82410566F00C4A3A4 /* SettingsViewController.swift */,
				20C980612364946400CAEE87 /* SignInViewController.swift */,
				209EA4A823DF54CD0077F6AA /* StatisticsWheel.swift */,
				20CA6945236B6BA100B141EA /* StoragePropertyList.plist */,
				20102CFF23E61CF300066A7F /* TestVaccineTableViewController.swift */,
				20ECF1EA251BC7C700C499E0 /* Theme.swift */,
				20ECF1EC251BC8BA00C499E0 /* Colors.xcassets */,
				2036424F23699EDD00DC9F0B /* TravellingTableViewController.swift */,
				20C86DE62420D5B400BEDD94 /* UIViewExtension.swift */,
				2036424E2368D30600DC9F0B /* Vaccess.entitlements */,
				6F384F3F232CE23A00CDCA53 /* Vaccination.swift */,
				204D5D102400508F001FF0E7 /* VaccinationProgramViewController.swift */,
				6F384F53233D3B7000CDCA53 /* VaccinationTabBarController.swift */,
				6F384F4D2337BABF00CDCA53 /* VaccinationTimeLeft.swift */,
				6F384F492337651600CDCA53 /* Vaccine.swift */,
				1E82803023465AF9006CBE4E /* VaccineHistoryTableViewCell.swift */,
				1E82803223465AF9006CBE4E /* VaccineHistoryTableViewController.swift */,
				2096950F249AB5CB00FDF83A /* VaccineInformationViewController.swift */,
				20C980542362311000CAEE87 /* VaccineLogInViewController.swift */,
				6F384F41232CE55400CDCA53 /* VaccineTableViewCell.swift */,
				6F384F43232D1A7200CDCA53 /* VaccineTableViewController.swift */,
				6F5FD6A5232996D100D45E20 /* VaccineViewController.swift */,
				202223DD235E231900D63DF0 /* ViewController.swift */,
				20F268F624E8512D0092F1BE /* WalkthroughContentViewController.swift */,
				20F268F824E855140092F1BE /* WalkthroughPageViewController.swift */,
				20F268FA24E85C800092F1BE /* WalkthroughViewController.swift */,
				20EFF25B249E9DDF007BB00C /* WebSiteResponse.swift */,
			);
			path = Vaccess;
			sourceTree = "<group>";
		};
		6F5FD6992329912F00D45E20 /* VaccessTests */ = {
			isa = PBXGroup;
			children = (
				6F5FD69A2329912F00D45E20 /* VaccessTests.swift */,
				6F5FD69C2329912F00D45E20 /* Info.plist */,
			);
			path = VaccessTests;
			sourceTree = "<group>";
		};
		AD4102FB2E246C0FFF937CCE /* Frameworks */ = {
			isa = PBXGroup;
			children = (
				43047BB6E7DD550EEA71EE64 /* Pods_Vaccess.framework */,
				9E8C486A72EC9F65B1C78C70 /* Pods_VaccessTests.framework */,
			);
			name = Frameworks;
			sourceTree = "<group>";
		};
/* End PBXGroup section */

/* Begin PBXNativeTarget section */
		6F5FD67F2329912F00D45E20 /* Vaccess */ = {
			isa = PBXNativeTarget;
			buildConfigurationList = 6F5FD69F2329912F00D45E20 /* Build configuration list for PBXNativeTarget "Vaccess" */;
			buildPhases = (
				5307CCA84D35C2FD502F3C3A /* [CP] Check Pods Manifest.lock */,
				6F5FD67C2329912F00D45E20 /* Sources */,
				6F5FD67D2329912F00D45E20 /* Frameworks */,
				6F5FD67E2329912F00D45E20 /* Resources */,
				5886889931DEB18CBFEFE4A0 /* [CP] Embed Pods Frameworks */,
			);
			buildRules = (
			);
			dependencies = (
			);
			name = Vaccess;
			productName = Vaccess;
			productReference = 6F5FD6802329912F00D45E20 /* Vaccess.app */;
			productType = "com.apple.product-type.application";
		};
		6F5FD6952329912F00D45E20 /* VaccessTests */ = {
			isa = PBXNativeTarget;
			buildConfigurationList = 6F5FD6A22329912F00D45E20 /* Build configuration list for PBXNativeTarget "VaccessTests" */;
			buildPhases = (
				8FEB496C94887FC3446BD136 /* [CP] Check Pods Manifest.lock */,
				6F5FD6922329912F00D45E20 /* Sources */,
				6F5FD6932329912F00D45E20 /* Frameworks */,
				6F5FD6942329912F00D45E20 /* Resources */,
			);
			buildRules = (
			);
			dependencies = (
				6F5FD6982329912F00D45E20 /* PBXTargetDependency */,
			);
			name = VaccessTests;
			productName = VaccessTests;
			productReference = 6F5FD6962329912F00D45E20 /* VaccessTests.xctest */;
			productType = "com.apple.product-type.bundle.unit-test";
		};
/* End PBXNativeTarget section */

/* Begin PBXProject section */
		6F5FD6782329912F00D45E20 /* Project object */ = {
			isa = PBXProject;
			attributes = {
				LastSwiftUpdateCheck = 0820;
				LastUpgradeCheck = 1130;
				ORGANIZATIONNAME = "Ryd Corporation";
				TargetAttributes = {
					6F5FD67F2329912F00D45E20 = {
						CreatedOnToolsVersion = 8.2.1;
						DevelopmentTeam = 5YD4PQ9B62;
						ProvisioningStyle = Automatic;
					};
					6F5FD6952329912F00D45E20 = {
						CreatedOnToolsVersion = 8.2.1;
						DevelopmentTeam = 5YD4PQ9B62;
						ProvisioningStyle = Automatic;
						TestTargetID = 6F5FD67F2329912F00D45E20;
					};
				};
			};
			buildConfigurationList = 6F5FD67B2329912F00D45E20 /* Build configuration list for PBXProject "Vaccess" */;
			compatibilityVersion = "Xcode 3.2";
			developmentRegion = English;
			hasScannedForEncodings = 0;
			knownRegions = (
				English,
				en,
				Base,
			);
			mainGroup = 6F5FD6772329912F00D45E20;
			productRefGroup = 6F5FD6812329912F00D45E20 /* Products */;
			projectDirPath = "";
			projectRoot = "";
			targets = (
				6F5FD67F2329912F00D45E20 /* Vaccess */,
				6F5FD6952329912F00D45E20 /* VaccessTests */,
			);
		};
/* End PBXProject section */

/* Begin PBXResourcesBuildPhase section */
		6F5FD67E2329912F00D45E20 /* Resources */ = {
			isa = PBXResourcesBuildPhase;
			buildActionMask = 2147483647;
			files = (
				20C86DD92419594A00BEDD94 /* CustomAlertView.xib in Resources */,
				20834778250A3EED00CBEDEA /* hourglassBad4.json in Resources */,
				6F5FD6902329912F00D45E20 /* LaunchScreen.storyboard in Resources */,
				20834776250A3D3A00CBEDEA /* hourglass.json in Resources */,
				20F268FD24EAC59F0092F1BE /* 890-loading-animation.json in Resources */,
				20881F1B242BED320026549D /* main.js in Resources */,
				20CA6946236B6BA100B141EA /* StoragePropertyList.plist in Resources */,
				6F5FD68D2329912F00D45E20 /* Assets.xcassets in Resources */,
				20C86DDD241AC03D00BEDD94 /* AlertStoryBoard.storyboard in Resources */,
				20ECF1ED251BC8BA00C499E0 /* Colors.xcassets in Resources */,
				6F5FD68B2329912F00D45E20 /* Main.storyboard in Resources */,
				20DF4CF624E81969001BFD16 /* OnBoarding.storyboard in Resources */,
			);
			runOnlyForDeploymentPostprocessing = 0;
		};
		6F5FD6942329912F00D45E20 /* Resources */ = {
			isa = PBXResourcesBuildPhase;
			buildActionMask = 2147483647;
			files = (
			);
			runOnlyForDeploymentPostprocessing = 0;
		};
/* End PBXResourcesBuildPhase section */

/* Begin PBXShellScriptBuildPhase section */
		5307CCA84D35C2FD502F3C3A /* [CP] Check Pods Manifest.lock */ = {
			isa = PBXShellScriptBuildPhase;
			buildActionMask = 2147483647;
			files = (
			);
			inputFileListPaths = (
			);
			inputPaths = (
				"${PODS_PODFILE_DIR_PATH}/Podfile.lock",
				"${PODS_ROOT}/Manifest.lock",
			);
			name = "[CP] Check Pods Manifest.lock";
			outputFileListPaths = (
			);
			outputPaths = (
				"$(DERIVED_FILE_DIR)/Pods-Vaccess-checkManifestLockResult.txt",
			);
			runOnlyForDeploymentPostprocessing = 0;
			shellPath = /bin/sh;
			shellScript = "diff \"${PODS_PODFILE_DIR_PATH}/Podfile.lock\" \"${PODS_ROOT}/Manifest.lock\" > /dev/null\nif [ $? != 0 ] ; then\n    # print error to STDERR\n    echo \"error: The sandbox is not in sync with the Podfile.lock. Run 'pod install' or update your CocoaPods installation.\" >&2\n    exit 1\nfi\n# This output is used by Xcode 'outputs' to avoid re-running this script phase.\necho \"SUCCESS\" > \"${SCRIPT_OUTPUT_FILE_0}\"\n";
			showEnvVarsInLog = 0;
		};
		5886889931DEB18CBFEFE4A0 /* [CP] Embed Pods Frameworks */ = {
			isa = PBXShellScriptBuildPhase;
			buildActionMask = 2147483647;
			files = (
			);
			inputPaths = (
				"${PODS_ROOT}/Target Support Files/Pods-Vaccess/Pods-Vaccess-frameworks.sh",
				"${BUILT_PRODUCTS_DIR}/AnalogClock/AnalogClock.framework",
				"${BUILT_PRODUCTS_DIR}/Bolts/Bolts.framework",
				"${BUILT_PRODUCTS_DIR}/GhostTypewriter/GhostTypewriter.framework",
				"${BUILT_PRODUCTS_DIR}/Instructions/Instructions.framework",
				"${BUILT_PRODUCTS_DIR}/MDFInternationalization/MDFInternationalization.framework",
				"${BUILT_PRODUCTS_DIR}/MDFTextAccessibility/MDFTextAccessibility.framework",
				"${BUILT_PRODUCTS_DIR}/MaterialComponents/MaterialComponents.framework",
				"${BUILT_PRODUCTS_DIR}/Parse/Parse.framework",
				"${BUILT_PRODUCTS_DIR}/SwiftSoup/SwiftSoup.framework",
				"${BUILT_PRODUCTS_DIR}/lottie-ios/Lottie.framework",
				"${BUILT_PRODUCTS_DIR}/paper-onboarding/paper_onboarding.framework",
			);
			name = "[CP] Embed Pods Frameworks";
			outputPaths = (
				"${TARGET_BUILD_DIR}/${FRAMEWORKS_FOLDER_PATH}/AnalogClock.framework",
				"${TARGET_BUILD_DIR}/${FRAMEWORKS_FOLDER_PATH}/Bolts.framework",
				"${TARGET_BUILD_DIR}/${FRAMEWORKS_FOLDER_PATH}/GhostTypewriter.framework",
				"${TARGET_BUILD_DIR}/${FRAMEWORKS_FOLDER_PATH}/Instructions.framework",
				"${TARGET_BUILD_DIR}/${FRAMEWORKS_FOLDER_PATH}/MDFInternationalization.framework",
				"${TARGET_BUILD_DIR}/${FRAMEWORKS_FOLDER_PATH}/MDFTextAccessibility.framework",
				"${TARGET_BUILD_DIR}/${FRAMEWORKS_FOLDER_PATH}/MaterialComponents.framework",
				"${TARGET_BUILD_DIR}/${FRAMEWORKS_FOLDER_PATH}/Parse.framework",
				"${TARGET_BUILD_DIR}/${FRAMEWORKS_FOLDER_PATH}/SwiftSoup.framework",
				"${TARGET_BUILD_DIR}/${FRAMEWORKS_FOLDER_PATH}/Lottie.framework",
				"${TARGET_BUILD_DIR}/${FRAMEWORKS_FOLDER_PATH}/paper_onboarding.framework",
			);
			runOnlyForDeploymentPostprocessing = 0;
			shellPath = /bin/sh;
			shellScript = "\"${PODS_ROOT}/Target Support Files/Pods-Vaccess/Pods-Vaccess-frameworks.sh\"\n";
			showEnvVarsInLog = 0;
		};
		8FEB496C94887FC3446BD136 /* [CP] Check Pods Manifest.lock */ = {
			isa = PBXShellScriptBuildPhase;
			buildActionMask = 2147483647;
			files = (
			);
			inputFileListPaths = (
			);
			inputPaths = (
				"${PODS_PODFILE_DIR_PATH}/Podfile.lock",
				"${PODS_ROOT}/Manifest.lock",
			);
			name = "[CP] Check Pods Manifest.lock";
			outputFileListPaths = (
			);
			outputPaths = (
				"$(DERIVED_FILE_DIR)/Pods-VaccessTests-checkManifestLockResult.txt",
			);
			runOnlyForDeploymentPostprocessing = 0;
			shellPath = /bin/sh;
			shellScript = "diff \"${PODS_PODFILE_DIR_PATH}/Podfile.lock\" \"${PODS_ROOT}/Manifest.lock\" > /dev/null\nif [ $? != 0 ] ; then\n    # print error to STDERR\n    echo \"error: The sandbox is not in sync with the Podfile.lock. Run 'pod install' or update your CocoaPods installation.\" >&2\n    exit 1\nfi\n# This output is used by Xcode 'outputs' to avoid re-running this script phase.\necho \"SUCCESS\" > \"${SCRIPT_OUTPUT_FILE_0}\"\n";
			showEnvVarsInLog = 0;
		};
/* End PBXShellScriptBuildPhase section */

/* Begin PBXSourcesBuildPhase section */
		6F5FD67C2329912F00D45E20 /* Sources */ = {
			isa = PBXSourcesBuildPhase;
			buildActionMask = 2147483647;
			files = (
				20ECF1E92516066400C499E0 /* OnboardingView.swift in Sources */,
				209EA4A923DF54CD0077F6AA /* StatisticsWheel.swift in Sources */,
				20DF4CF424E560B6001BFD16 /* CompanyInformationViewController.swift in Sources */,
				6F384F4A2337651600CDCA53 /* Vaccine.swift in Sources */,
				20E0B6C925252F36004C61F0 /* TestInformationViewController.swift in Sources */,
				6F384F44232D1A7200CDCA53 /* VaccineTableViewController.swift in Sources */,
				6F384F52233D1F9800CDCA53 /* HistoryTableViewCell.swift in Sources */,
				2005362824F593F800165D69 /* ProtectionViewController.swift in Sources */,
				2055ACC12416E02C00C4A3A4 /* ChangePersonalInformationViewController.swift in Sources */,
				20C86DDB24195E6C00BEDD94 /* AlertView.swift in Sources */,
				209AA91924BB022700E469B5 /* BarChartStackViewTestViewController.swift in Sources */,
				1E8280372348AB71006CBE4E /* ArrayExtension.swift in Sources */,
				6F5FD6882329912F00D45E20 /* SecondViewController.swift in Sources */,
				1E82803323465AF9006CBE4E /* VaccineHistoryTableViewCell.swift in Sources */,
				20102CFE23E615E200066A7F /* FloatingActionButton.swift in Sources */,
				209AA91724BA019800E469B5 /* BarChartStackView.swift in Sources */,
				2055ACB92410566F00C4A3A4 /* SettingsViewController.swift in Sources */,
				203D9FD923CA3BFA00C969D8 /* FamilyMemberRegistrationViewController.swift in Sources */,
				20102D0223E61D0A00066A7F /* ExtensionTestTableViewController.swift in Sources */,
				20C86DE1241AC3A700BEDD94 /* AlertService.swift in Sources */,
				204D5D112400508F001FF0E7 /* VaccinationProgramViewController.swift in Sources */,
				6F384F40232CE23A00CDCA53 /* Vaccination.swift in Sources */,
				1E82802F23465AB4006CBE4E /* HistoryViewController.swift in Sources */,
				6F5FD6842329912F00D45E20 /* AppDelegate.swift in Sources */,
				20F268FB24E85C800092F1BE /* WalkthroughViewController.swift in Sources */,
				20102CFC23E4DA4A00066A7F /* Continent.swift in Sources */,
				20ECF1EB251BC7C700C499E0 /* Theme.swift in Sources */,
				2040CF23246C7CD3009307A3 /* ProtectionVaccine.swift in Sources */,
				20CC169F250EC6D70071B5C8 /* DataHandlingInformationTableViewCell.swift in Sources */,
				203642522369EFD100DC9F0B /* Country.swift in Sources */,
				20102D0023E61CF300066A7F /* TestVaccineTableViewController.swift in Sources */,
				20EFF696235BB1E200032B11 /* BeginningViewController.swift in Sources */,
				2055ACBB2410569C00C4A3A4 /* SettingsTableViewCell.swift in Sources */,
				203642542369F33200DC9F0B /* CountryTableViewCell.swift in Sources */,
				209EA4A723DE45BD0077F6AA /* Image.swift in Sources */,
				20CA422824995AF9005E2C24 /* ResetPasswordViewController.swift in Sources */,
				20C86DDF241AC06400BEDD94 /* AlertViewController.swift in Sources */,
				20EFF25C249E9DDF007BB00C /* WebSiteResponse.swift in Sources */,
				6F384F4E2337BABF00CDCA53 /* VaccinationTimeLeft.swift in Sources */,
				20969510249AB5CB00FDF83A /* VaccineInformationViewController.swift in Sources */,
				209EA4AB23DF77980077F6AA /* CircularLoaderView.swift in Sources */,
				209AA91524B9F64200E469B5 /* BarChartView.swift in Sources */,
				20F268F724E8512D0092F1BE /* WalkthroughContentViewController.swift in Sources */,
				2038ABE123FB27E800402CF2 /* ProtectionTableViewCell.swift in Sources */,
				20D4484323DB5FAC00E71AC6 /* CountryViewController.swift in Sources */,
				2055ACBF2416CF4400C4A3A4 /* SettingsHeaderTableViewCell.swift in Sources */,
				1E82803523465AF9006CBE4E /* VaccineHistoryTableViewController.swift in Sources */,
				2036425023699EDD00DC9F0B /* TravellingTableViewController.swift in Sources */,
				6F5FD6A6232996D100D45E20 /* VaccineViewController.swift in Sources */,
				6F384F50233BF99500CDCA53 /* HistoryTableViewController.swift in Sources */,
				1E82803423465AF9006CBE4E /* AllVaccinations.swift in Sources */,
				20C980622364946400CAEE87 /* SignInViewController.swift in Sources */,
				2040CF21246C7BDB009307A3 /* ProtectionTableTableViewController.swift in Sources */,
				20881F192422798D0026549D /* DoseView.swift in Sources */,
				20CC16A1251603740071B5C8 /* OnBoardingViewController.swift in Sources */,
				6F5FD6862329912F00D45E20 /* FirstViewController.swift in Sources */,
				20E6626023CA2680003DA48D /* FamilyTableViewController.swift in Sources */,
				20E6626223CA26C8003DA48D /* FamilyMemberTableViewCell.swift in Sources */,
				209AA91324B9051600E469B5 /* BarChart.swift in Sources */,
				20C86DE72420D5B400BEDD94 /* UIViewExtension.swift in Sources */,
				2040CF1F245F4EE6009307A3 /* LoadingScreenViewController.swift in Sources */,
				6F384F54233D3B7000CDCA53 /* VaccinationTabBarController.swift in Sources */,
				20F16774237C872700082719 /* ComingVaccinationTableViewCell.swift in Sources */,
				20EFF69A235BB7E900032B11 /* RegistrationViewController.swift in Sources */,
				20EFF256249E7562007BB00C /* LoggedInViewController.swift in Sources */,
				20F268F924E855140092F1BE /* WalkthroughPageViewController.swift in Sources */,
				20CA6948236B70EF00B141EA /* ExtensionVaccination.swift in Sources */,
				20E0B6CD25253255004C61F0 /* TestInformationCollectionViewCell.swift in Sources */,
				2038ABDF23FB026C00402CF2 /* ProtectionTableView.swift in Sources */,
				6F384F4C2337730300CDCA53 /* Protection.swift in Sources */,
				20C980552362311000CAEE87 /* VaccineLogInViewController.swift in Sources */,
				20EFF25A249E77A6007BB00C /* Extensions.swift in Sources */,
				20C86DE3241ED8CB00BEDD94 /* SectionHeaderTableViewCell.swift in Sources */,
				2055ACBD2416A73700C4A3A4 /* SettingsPersonalInformationTableViewCell.swift in Sources */,
				20881F172422747C0026549D /* LaunchScreenViewController.swift in Sources */,
				6F384F42232CE55400CDCA53 /* VaccineTableViewCell.swift in Sources */,
			);
			runOnlyForDeploymentPostprocessing = 0;
		};
		6F5FD6922329912F00D45E20 /* Sources */ = {
			isa = PBXSourcesBuildPhase;
			buildActionMask = 2147483647;
			files = (
				6F5FD69B2329912F00D45E20 /* VaccessTests.swift in Sources */,
			);
			runOnlyForDeploymentPostprocessing = 0;
		};
/* End PBXSourcesBuildPhase section */

/* Begin PBXTargetDependency section */
		6F5FD6982329912F00D45E20 /* PBXTargetDependency */ = {
			isa = PBXTargetDependency;
			target = 6F5FD67F2329912F00D45E20 /* Vaccess */;
			targetProxy = 6F5FD6972329912F00D45E20 /* PBXContainerItemProxy */;
		};
/* End PBXTargetDependency section */

/* Begin PBXVariantGroup section */
		6F5FD6892329912F00D45E20 /* Main.storyboard */ = {
			isa = PBXVariantGroup;
			children = (
				6F5FD68A2329912F00D45E20 /* Base */,
			);
			name = Main.storyboard;
			sourceTree = "<group>";
		};
		6F5FD68E2329912F00D45E20 /* LaunchScreen.storyboard */ = {
			isa = PBXVariantGroup;
			children = (
				6F5FD68F2329912F00D45E20 /* Base */,
			);
			name = LaunchScreen.storyboard;
			sourceTree = "<group>";
		};
/* End PBXVariantGroup section */

/* Begin XCBuildConfiguration section */
		6F5FD69D2329912F00D45E20 /* Debug */ = {
			isa = XCBuildConfiguration;
			buildSettings = {
				ALWAYS_SEARCH_USER_PATHS = NO;
				CLANG_ANALYZER_LOCALIZABILITY_NONLOCALIZED = YES;
				CLANG_ANALYZER_NONNULL = YES;
				CLANG_CXX_LANGUAGE_STANDARD = "gnu++0x";
				CLANG_CXX_LIBRARY = "libc++";
				CLANG_ENABLE_MODULES = YES;
				CLANG_ENABLE_OBJC_ARC = YES;
				CLANG_WARN_BLOCK_CAPTURE_AUTORELEASING = YES;
				CLANG_WARN_BOOL_CONVERSION = YES;
				CLANG_WARN_COMMA = YES;
				CLANG_WARN_CONSTANT_CONVERSION = YES;
				CLANG_WARN_DEPRECATED_OBJC_IMPLEMENTATIONS = YES;
				CLANG_WARN_DIRECT_OBJC_ISA_USAGE = YES_ERROR;
				CLANG_WARN_DOCUMENTATION_COMMENTS = YES;
				CLANG_WARN_EMPTY_BODY = YES;
				CLANG_WARN_ENUM_CONVERSION = YES;
				CLANG_WARN_INFINITE_RECURSION = YES;
				CLANG_WARN_INT_CONVERSION = YES;
				CLANG_WARN_NON_LITERAL_NULL_CONVERSION = YES;
				CLANG_WARN_OBJC_IMPLICIT_RETAIN_SELF = YES;
				CLANG_WARN_OBJC_LITERAL_CONVERSION = YES;
				CLANG_WARN_OBJC_ROOT_CLASS = YES_ERROR;
				CLANG_WARN_RANGE_LOOP_ANALYSIS = YES;
				CLANG_WARN_STRICT_PROTOTYPES = YES;
				CLANG_WARN_SUSPICIOUS_MOVE = YES;
				CLANG_WARN_UNREACHABLE_CODE = YES;
				CLANG_WARN__DUPLICATE_METHOD_MATCH = YES;
				"CODE_SIGN_IDENTITY[sdk=iphoneos*]" = "iPhone Developer";
				COPY_PHASE_STRIP = NO;
				DEBUG_INFORMATION_FORMAT = dwarf;
				DEVELOPMENT_TEAM = 5YD4PQ9B62;
				ENABLE_STRICT_OBJC_MSGSEND = YES;
				ENABLE_TESTABILITY = YES;
				GCC_C_LANGUAGE_STANDARD = gnu99;
				GCC_DYNAMIC_NO_PIC = NO;
				GCC_NO_COMMON_BLOCKS = YES;
				GCC_OPTIMIZATION_LEVEL = 0;
				GCC_PREPROCESSOR_DEFINITIONS = (
					"DEBUG=1",
					"$(inherited)",
				);
				GCC_WARN_64_TO_32_BIT_CONVERSION = YES;
				GCC_WARN_ABOUT_RETURN_TYPE = YES_ERROR;
				GCC_WARN_UNDECLARED_SELECTOR = YES;
				GCC_WARN_UNINITIALIZED_AUTOS = YES_AGGRESSIVE;
				GCC_WARN_UNUSED_FUNCTION = YES;
				GCC_WARN_UNUSED_VARIABLE = YES;
				IPHONEOS_DEPLOYMENT_TARGET = 13.6;
				MTL_ENABLE_DEBUG_INFO = YES;
				ONLY_ACTIVE_ARCH = YES;
				SDKROOT = iphoneos;
				SWIFT_ACTIVE_COMPILATION_CONDITIONS = DEBUG;
				SWIFT_OPTIMIZATION_LEVEL = "-Onone";
				TARGETED_DEVICE_FAMILY = "1,2";
			};
			name = Debug;
		};
		6F5FD69E2329912F00D45E20 /* Release */ = {
			isa = XCBuildConfiguration;
			buildSettings = {
				ALWAYS_SEARCH_USER_PATHS = NO;
				CLANG_ANALYZER_LOCALIZABILITY_NONLOCALIZED = YES;
				CLANG_ANALYZER_NONNULL = YES;
				CLANG_CXX_LANGUAGE_STANDARD = "gnu++0x";
				CLANG_CXX_LIBRARY = "libc++";
				CLANG_ENABLE_MODULES = YES;
				CLANG_ENABLE_OBJC_ARC = YES;
				CLANG_WARN_BLOCK_CAPTURE_AUTORELEASING = YES;
				CLANG_WARN_BOOL_CONVERSION = YES;
				CLANG_WARN_COMMA = YES;
				CLANG_WARN_CONSTANT_CONVERSION = YES;
				CLANG_WARN_DEPRECATED_OBJC_IMPLEMENTATIONS = YES;
				CLANG_WARN_DIRECT_OBJC_ISA_USAGE = YES_ERROR;
				CLANG_WARN_DOCUMENTATION_COMMENTS = YES;
				CLANG_WARN_EMPTY_BODY = YES;
				CLANG_WARN_ENUM_CONVERSION = YES;
				CLANG_WARN_INFINITE_RECURSION = YES;
				CLANG_WARN_INT_CONVERSION = YES;
				CLANG_WARN_NON_LITERAL_NULL_CONVERSION = YES;
				CLANG_WARN_OBJC_IMPLICIT_RETAIN_SELF = YES;
				CLANG_WARN_OBJC_LITERAL_CONVERSION = YES;
				CLANG_WARN_OBJC_ROOT_CLASS = YES_ERROR;
				CLANG_WARN_RANGE_LOOP_ANALYSIS = YES;
				CLANG_WARN_STRICT_PROTOTYPES = YES;
				CLANG_WARN_SUSPICIOUS_MOVE = YES;
				CLANG_WARN_UNREACHABLE_CODE = YES;
				CLANG_WARN__DUPLICATE_METHOD_MATCH = YES;
				"CODE_SIGN_IDENTITY[sdk=iphoneos*]" = "iPhone Developer";
				COPY_PHASE_STRIP = NO;
				DEBUG_INFORMATION_FORMAT = "dwarf-with-dsym";
				DEVELOPMENT_TEAM = 5YD4PQ9B62;
				ENABLE_NS_ASSERTIONS = NO;
				ENABLE_STRICT_OBJC_MSGSEND = YES;
				GCC_C_LANGUAGE_STANDARD = gnu99;
				GCC_NO_COMMON_BLOCKS = YES;
				GCC_WARN_64_TO_32_BIT_CONVERSION = YES;
				GCC_WARN_ABOUT_RETURN_TYPE = YES_ERROR;
				GCC_WARN_UNDECLARED_SELECTOR = YES;
				GCC_WARN_UNINITIALIZED_AUTOS = YES_AGGRESSIVE;
				GCC_WARN_UNUSED_FUNCTION = YES;
				GCC_WARN_UNUSED_VARIABLE = YES;
				IPHONEOS_DEPLOYMENT_TARGET = 13.6;
				MTL_ENABLE_DEBUG_INFO = NO;
				SDKROOT = iphoneos;
				SWIFT_OPTIMIZATION_LEVEL = "-Owholemodule";
				TARGETED_DEVICE_FAMILY = "1,2";
				VALIDATE_PRODUCT = YES;
			};
			name = Release;
		};
		6F5FD6A02329912F00D45E20 /* Debug */ = {
			isa = XCBuildConfiguration;
			baseConfigurationReference = B902CA333225F88843B93836 /* Pods-Vaccess.debug.xcconfig */;
			buildSettings = {
				ASSETCATALOG_COMPILER_APPICON_NAME = AppIcon;
				CODE_SIGN_ENTITLEMENTS = Vaccess/Vaccess.entitlements;
				CODE_SIGN_IDENTITY = "Apple Development";
				CODE_SIGN_STYLE = Automatic;
				DEVELOPMENT_TEAM = 5YD4PQ9B62;
				INFOPLIST_FILE = Vaccess/Info.plist;
				IPHONEOS_DEPLOYMENT_TARGET = 13.5;
				LD_RUNPATH_SEARCH_PATHS = "$(inherited) @executable_path/Frameworks";
				PRODUCT_BUNDLE_IDENTIFIER = Circle.Vaccess;
				"PRODUCT_BUNDLE_IDENTIFIER[sdk=*]" = Circle.Vaccess;
				PRODUCT_NAME = "$(TARGET_NAME)";
				SWIFT_VERSION = 5.0;
				TARGETED_DEVICE_FAMILY = 1;
			};
			name = Debug;
		};
		6F5FD6A12329912F00D45E20 /* Release */ = {
			isa = XCBuildConfiguration;
			baseConfigurationReference = 8696EE2ED13A647C34A4EC7D /* Pods-Vaccess.release.xcconfig */;
			buildSettings = {
				ASSETCATALOG_COMPILER_APPICON_NAME = AppIcon;
				CODE_SIGN_ENTITLEMENTS = Vaccess/Vaccess.entitlements;
				CODE_SIGN_IDENTITY = "Apple Development";
				CODE_SIGN_STYLE = Automatic;
				DEVELOPMENT_TEAM = 5YD4PQ9B62;
				INFOPLIST_FILE = Vaccess/Info.plist;
				IPHONEOS_DEPLOYMENT_TARGET = 13.5;
				LD_RUNPATH_SEARCH_PATHS = "$(inherited) @executable_path/Frameworks";
				PRODUCT_BUNDLE_IDENTIFIER = Circle.Vaccess;
				"PRODUCT_BUNDLE_IDENTIFIER[sdk=*]" = Circle.Vaccess;
				PRODUCT_NAME = "$(TARGET_NAME)";
				SWIFT_VERSION = 5.0;
				TARGETED_DEVICE_FAMILY = 1;
			};
			name = Release;
		};
		6F5FD6A32329912F00D45E20 /* Debug */ = {
			isa = XCBuildConfiguration;
			baseConfigurationReference = BB5F19E847A1479AD695ED84 /* Pods-VaccessTests.debug.xcconfig */;
			buildSettings = {
				ALWAYS_EMBED_SWIFT_STANDARD_LIBRARIES = YES;
				BUNDLE_LOADER = "$(TEST_HOST)";
				"CODE_SIGN_IDENTITY[sdk=macosx*]" = "Apple Development";
				DEVELOPMENT_TEAM = 5YD4PQ9B62;
				INFOPLIST_FILE = VaccessTests/Info.plist;
				LD_RUNPATH_SEARCH_PATHS = "$(inherited) @executable_path/Frameworks @loader_path/Frameworks";
				PRODUCT_BUNDLE_IDENTIFIER = Ryd.VaccessTests;
				PRODUCT_NAME = "$(TARGET_NAME)";
				SWIFT_VERSION = 3.0;
				TEST_HOST = "$(BUILT_PRODUCTS_DIR)/Vaccess.app/Vaccess";
			};
			name = Debug;
		};
		6F5FD6A42329912F00D45E20 /* Release */ = {
			isa = XCBuildConfiguration;
			baseConfigurationReference = 45DD5E5A20862D16A22829E7 /* Pods-VaccessTests.release.xcconfig */;
			buildSettings = {
				ALWAYS_EMBED_SWIFT_STANDARD_LIBRARIES = YES;
				BUNDLE_LOADER = "$(TEST_HOST)";
				"CODE_SIGN_IDENTITY[sdk=macosx*]" = "Apple Development";
				DEVELOPMENT_TEAM = 5YD4PQ9B62;
				INFOPLIST_FILE = VaccessTests/Info.plist;
				LD_RUNPATH_SEARCH_PATHS = "$(inherited) @executable_path/Frameworks @loader_path/Frameworks";
				PRODUCT_BUNDLE_IDENTIFIER = Ryd.VaccessTests;
				PRODUCT_NAME = "$(TARGET_NAME)";
				SWIFT_VERSION = 3.0;
				TEST_HOST = "$(BUILT_PRODUCTS_DIR)/Vaccess.app/Vaccess";
			};
			name = Release;
		};
/* End XCBuildConfiguration section */

/* Begin XCConfigurationList section */
		6F5FD67B2329912F00D45E20 /* Build configuration list for PBXProject "Vaccess" */ = {
			isa = XCConfigurationList;
			buildConfigurations = (
				6F5FD69D2329912F00D45E20 /* Debug */,
				6F5FD69E2329912F00D45E20 /* Release */,
			);
			defaultConfigurationIsVisible = 0;
			defaultConfigurationName = Release;
		};
		6F5FD69F2329912F00D45E20 /* Build configuration list for PBXNativeTarget "Vaccess" */ = {
			isa = XCConfigurationList;
			buildConfigurations = (
				6F5FD6A02329912F00D45E20 /* Debug */,
				6F5FD6A12329912F00D45E20 /* Release */,
			);
			defaultConfigurationIsVisible = 0;
			defaultConfigurationName = Release;
		};
		6F5FD6A22329912F00D45E20 /* Build configuration list for PBXNativeTarget "VaccessTests" */ = {
			isa = XCConfigurationList;
			buildConfigurations = (
				6F5FD6A32329912F00D45E20 /* Debug */,
				6F5FD6A42329912F00D45E20 /* Release */,
			);
			defaultConfigurationIsVisible = 0;
			defaultConfigurationName = Release;
		};
/* End XCConfigurationList section */
	};
	rootObject = 6F5FD6782329912F00D45E20 /* Project object */;
}
